
Microsoft Visual Studio Solution File, Format Version 12.00
# Visual Studio Version 17
VisualStudioVersion = 17.8.34525.116
MinimumVisualStudioVersion = 10.0.40219.1
Project("{FAE04EC0-301F-11D3-BF4B-00C04F79EFBC}") = "VentaDeComputadoras", "VentaDeComputadoras\VentaDeComputadoras.csproj", "{C4F12C42-3852-426C-A390-A5052937E229}"
EndProject
Global
	GlobalSection(SolutionConfigurationPlatforms) = preSolution
		Debug|Any CPU = Debug|Any CPU
		Release|Any CPU = Release|Any CPU
	EndGlobalSection
	GlobalSection(ProjectConfigurationPlatforms) = postSolution
		{C4F12C42-3852-426C-A390-A5052937E229}.Debug|Any CPU.ActiveCfg = Debug|Any CPU
		{C4F12C42-3852-426C-A390-A5052937E229}.Debug|Any CPU.Build.0 = Debug|Any CPU
		{C4F12C42-3852-426C-A390-A5052937E229}.Release|Any CPU.ActiveCfg = Release|Any CPU
		{C4F12C42-3852-426C-A390-A5052937E229}.Release|Any CPU.Build.0 = Release|Any CPU
	EndGlobalSection
	GlobalSection(SolutionProperties) = preSolution
		HideSolutionNode = FALSE
	EndGlobalSection
	GlobalSection(ExtensibilityGlobals) = postSolution
		SolutionGuid = {CDDFE8A1-C4FF-4DF2-B746-AABD6FEAD33F}
	EndGlobalSection
EndGlobal
